
Microsoft Visual Studio Solution File, Format Version 12.00
# Visual Studio Version 17
VisualStudioVersion = 17.0.31919.166
MinimumVisualStudioVersion = 10.0.40219.1
Project("{9A19103F-16F7-4668-BE54-9A1E7A4F7556}") = "M133+M151-Jubilaeum-der-Musikkapelle-Seetalhorn", "M133+M151-Jubilaeum-der-Musikkapelle-Seetalhorn\M133+M151-Jubilaeum-der-Musikkapelle-Seetalhorn.csproj", "{C9F6E33B-A9E2-481B-A1B7-3571BEA61F97}"
EndProject
Global
	GlobalSection(SolutionConfigurationPlatforms) = preSolution
		Debug|Any CPU = Debug|Any CPU
		Release|Any CPU = Release|Any CPU
	EndGlobalSection
	GlobalSection(ProjectConfigurationPlatforms) = postSolution
		{C9F6E33B-A9E2-481B-A1B7-3571BEA61F97}.Debug|Any CPU.ActiveCfg = Debug|Any CPU
		{C9F6E33B-A9E2-481B-A1B7-3571BEA61F97}.Debug|Any CPU.Build.0 = Debug|Any CPU
		{C9F6E33B-A9E2-481B-A1B7-3571BEA61F97}.Release|Any CPU.ActiveCfg = Release|Any CPU
		{C9F6E33B-A9E2-481B-A1B7-3571BEA61F97}.Release|Any CPU.Build.0 = Release|Any CPU
	EndGlobalSection
	GlobalSection(SolutionProperties) = preSolution
		HideSolutionNode = FALSE
	EndGlobalSection
	GlobalSection(ExtensibilityGlobals) = postSolution
		SolutionGuid = {443A1F62-F641-411E-9D6E-7253D49A6B76}
	EndGlobalSection
EndGlobal
